lockfileVersion: '9.0'

settings:
  autoInstallPeers: true
  excludeLinksFromLockfile: false

importers:

  .: {}

  packages/plugin-dinero:
    dependencies:
      '@paperclipai/plugin-sdk':
        specifier: ^2026.416.0
        version: 2026.416.0
    devDependencies:
      typescript:
        specifier: ^5.4.0
        version: 5.9.3

packages:

  '@paperclipai/plugin-sdk@2026.416.0':
    resolution: {integrity: sha512-P/KAqkDXeqA4OS8krqsbwiv2yvno5AgOhto/YAXn0yloQV2jprhsOZzXru64u4cGdohm/fRAky7iPPi7SspJ5A==}
    hasBin: true
    peerDependencies:
      react: '>=18'
    peerDependenciesMeta:
      react:
        optional: true

  '@paperclipai/shared@2026.416.0':
    resolution: {integrity: sha512-ORG3f8X1Z4m/K4rbIlWP16UqPWlGSTiFtCAQajDddclY+b/Ubfn0M6Xh54+zkjy1TGVePnLGuif8EKDkX5Sb4g==}

  typescript@5.9.3:
    resolution: {integrity: sha512-jl1vZzPDinLr9eUt3J/t7V6FgNEw9QjvBPdysz9KfQDD41fQrC2Y4vKQdiaUpFT4bXlb1RHhLpp8wtm6M5TgSw==}
    engines: {node: '>=14.17'}
    hasBin: true

  zod@3.25.76:
    resolution: {integrity: sha512-gzUt/qt81nXsFGKIFcC3YnfEAx5NkunCfnDlvuBSSFS02bcXu4Lmea0AFIUwbLWxWPx3d9p8S5QoaujKcNQxcQ==}

snapshots:

  '@paperclipai/plugin-sdk@2026.416.0':
    dependencies:
      '@paperclipai/shared': 2026.416.0
      zod: 3.25.76

  '@paperclipai/shared@2026.416.0':
    dependencies:
      zod: 3.25.76

  typescript@5.9.3: {}

  zod@3.25.76: {}
